// !$*UTF8*$!
{
	archiveVersion = 1;
	classes = {
	};
	objectVersion = 46;
	objects = {

/* Begin PBXBuildFile section */
		1F09572A8B2B03A746DA462D /* Pods.framework in Frameworks */ = {isa = PBXBuildFile; fileRef = 0B4A540AEF7DDC1C07013EEA /* Pods.framework */; settings = {ATTRIBUTES = (Weak, ); }; };
		8E018D9C1A2A3D9C00BFBC40 /* AppDelegate.swift in Sources */ = {isa = PBXBuildFile; fileRef = 8E018D9B1A2A3D9C00BFBC40 /* AppDelegate.swift */; };
		8E018D9E1A2A3D9C00BFBC40 /* ViewController.swift in Sources */ = {isa = PBXBuildFile; fileRef = 8E018D9D1A2A3D9C00BFBC40 /* ViewController.swift */; };
		8E018DA11A2A3D9C00BFBC40 /* Main.storyboard in Resources */ = {isa = PBXBuildFile; fileRef = 8E018D9F1A2A3D9C00BFBC40 /* Main.storyboard */; };
		8E018DA31A2A3D9C00BFBC40 /* Images.xcassets in Resources */ = {isa = PBXBuildFile; fileRef = 8E018DA21A2A3D9C00BFBC40 /* Images.xcassets */; };
		8E018DA61A2A3D9C00BFBC40 /* LaunchScreen.xib in Resources */ = {isa = PBXBuildFile; fileRef = 8E018DA41A2A3D9C00BFBC40 /* LaunchScreen.xib */; };
		8E018DBD1A2A3DC100BFBC40 /* MABCardsContainer.swift in Sources */ = {isa = PBXBuildFile; fileRef = 8E018DBB1A2A3DC100BFBC40 /* MABCardsContainer.swift */; };
		8E018DBE1A2A3DC100BFBC40 /* MABCardView.swift in Sources */ = {isa = PBXBuildFile; fileRef = 8E018DBC1A2A3DC100BFBC40 /* MABCardView.swift */; };
		CD5421441B95A0AF0045E69B /* mylove.plist in Resources */ = {isa = PBXBuildFile; fileRef = CD5421431B95A0AF0045E69B /* mylove.plist */; };
		CD99F51B1B944494009F7917 /* MyLoveViewController.swift in Sources */ = {isa = PBXBuildFile; fileRef = CD99F51A1B944494009F7917 /* MyLoveViewController.swift */; };
		CD99F52A1B9476A8009F7917 /* ParallaxHeaderView.m in Sources */ = {isa = PBXBuildFile; fileRef = CD99F5231B9476A8009F7917 /* ParallaxHeaderView.m */; };
		CD99F52B1B9476A8009F7917 /* StoryCommentCell.m in Sources */ = {isa = PBXBuildFile; fileRef = CD99F5251B9476A8009F7917 /* StoryCommentCell.m */; };
		CD99F52C1B9476A8009F7917 /* StoryViewController.m in Sources */ = {isa = PBXBuildFile; fileRef = CD99F5271B9476A8009F7917 /* StoryViewController.m */; };
		CD99F52D1B9476A8009F7917 /* UIImage+ImageEffects.m in Sources */ = {isa = PBXBuildFile; fileRef = CD99F5291B9476A8009F7917 /* UIImage+ImageEffects.m */; };
		CD99F55E1B947831009F7917 /* MJRefreshAutoFooter.m in Sources */ = {isa = PBXBuildFile; fileRef = CD99F5341B947831009F7917 /* MJRefreshAutoFooter.m */; };
		CD99F55F1B947831009F7917 /* MJRefreshBackFooter.m in Sources */ = {isa = PBXBuildFile; fileRef = CD99F5361B947831009F7917 /* MJRefreshBackFooter.m */; };
		CD99F5601B947831009F7917 /* MJRefreshComponent.m in Sources */ = {isa = PBXBuildFile; fileRef = CD99F5381B947831009F7917 /* MJRefreshComponent.m */; };
		CD99F5611B947831009F7917 /* MJRefreshFooter.m in Sources */ = {isa = PBXBuildFile; fileRef = CD99F53A1B947831009F7917 /* MJRefreshFooter.m */; };
		CD99F5621B947831009F7917 /* MJRefreshHeader.m in Sources */ = {isa = PBXBuildFile; fileRef = CD99F53C1B947831009F7917 /* MJRefreshHeader.m */; };
		CD99F5631B947831009F7917 /* MJRefreshAutoGifFooter.m in Sources */ = {isa = PBXBuildFile; fileRef = CD99F5411B947831009F7917 /* MJRefreshAutoGifFooter.m */; };
		CD99F5641B947831009F7917 /* MJRefreshAutoNormalFooter.m in Sources */ = {isa = PBXBuildFile; fileRef = CD99F5431B947831009F7917 /* MJRefreshAutoNormalFooter.m */; };
		CD99F5651B947831009F7917 /* MJRefreshAutoStateFooter.m in Sources */ = {isa = PBXBuildFile; fileRef = CD99F5451B947831009F7917 /* MJRefreshAutoStateFooter.m */; };
		CD99F5661B947831009F7917 /* MJRefreshBackGifFooter.m in Sources */ = {isa = PBXBuildFile; fileRef = CD99F5481B947831009F7917 /* MJRefreshBackGifFooter.m */; };
		CD99F5671B947831009F7917 /* MJRefreshBackNormalFooter.m in Sources */ = {isa = PBXBuildFile; fileRef = CD99F54A1B947831009F7917 /* MJRefreshBackNormalFooter.m */; };
		CD99F5681B947831009F7917 /* MJRefreshBackStateFooter.m in Sources */ = {isa = PBXBuildFile; fileRef = CD99F54C1B947831009F7917 /* MJRefreshBackStateFooter.m */; };
		CD99F5691B947831009F7917 /* MJRefreshGifHeader.m in Sources */ = {isa = PBXBuildFile; fileRef = CD99F54F1B947831009F7917 /* MJRefreshGifHeader.m */; };
		CD99F56A1B947831009F7917 /* MJRefreshNormalHeader.m in Sources */ = {isa = PBXBuildFile; fileRef = CD99F5511B947831009F7917 /* MJRefreshNormalHeader.m */; };
		CD99F56B1B947831009F7917 /* MJRefreshStateHeader.m in Sources */ = {isa = PBXBuildFile; fileRef = CD99F5531B947831009F7917 /* MJRefreshStateHeader.m */; };
		CD99F56C1B947831009F7917 /* MJRefresh.bundle in Resources */ = {isa = PBXBuildFile; fileRef = CD99F5541B947831009F7917 /* MJRefresh.bundle */; };
		CD99F56D1B947831009F7917 /* MJRefreshConst.m in Sources */ = {isa = PBXBuildFile; fileRef = CD99F5571B947831009F7917 /* MJRefreshConst.m */; };
		CD99F56E1B947831009F7917 /* UIScrollView+MJExtension.m in Sources */ = {isa = PBXBuildFile; fileRef = CD99F5591B947831009F7917 /* UIScrollView+MJExtension.m */; };
		CD99F56F1B947831009F7917 /* UIScrollView+MJRefresh.m in Sources */ = {isa = PBXBuildFile; fileRef = CD99F55B1B947831009F7917 /* UIScrollView+MJRefresh.m */; };
		CD99F5701B947831009F7917 /* UIView+MJExtension.m in Sources */ = {isa = PBXBuildFile; fileRef = CD99F55D1B947831009F7917 /* UIView+MJExtension.m */; };
		CD99F5721B9480DD009F7917 /* MyLoveViewCell.swift in Sources */ = {isa = PBXBuildFile; fileRef = CD99F5711B9480DD009F7917 /* MyLoveViewCell.swift */; };
		CDD21F0C1B8D848600F0F6C0 /* JKPopMenuItem.m in Sources */ = {isa = PBXBuildFile; fileRef = CDD21F091B8D848600F0F6C0 /* JKPopMenuItem.m */; };
		CDD21F0D1B8D848600F0F6C0 /* JKPopMenuView.m in Sources */ = {isa = PBXBuildFile; fileRef = CDD21F0B1B8D848600F0F6C0 /* JKPopMenuView.m */; };
		CDD21F191B8DAFFF00F0F6C0 /* Alamofire.framework in Frameworks */ = {isa = PBXBuildFile; fileRef = CDD21F181B8DAFFF00F0F6C0 /* Alamofire.framework */; };
		CDD21F1E1B8DE8A800F0F6C0 /* PicItem.swift in Sources */ = {isa = PBXBuildFile; fileRef = CDD21F1D1B8DE8A800F0F6C0 /* PicItem.swift */; };
		CDD21F201B8E04EC00F0F6C0 /* SDWebImage.framework in Frameworks */ = {isa = PBXBuildFile; fileRef = CDD21F1F1B8E04EC00F0F6C0 /* SDWebImage.framework */; };
		CDD21F251B8EF12000F0F6C0 /* QiniuUitl.swift in Sources */ = {isa = PBXBuildFile; fileRef = CDD21F241B8EF12000F0F6C0 /* QiniuUitl.swift */; };
		CDD21F281B8EF2AC00F0F6C0 /* QiniuUtiloc.m in Sources */ = {isa = PBXBuildFile; fileRef = CDD21F271B8EF2AC00F0F6C0 /* QiniuUtiloc.m */; };
		CE1E02F61B96CC3F0087056D /* FXBlurView.framework in Frameworks */ = {isa = PBXBuildFile; fileRef = CE1E02F51B96CC3F0087056D /* FXBlurView.framework */; };
		CE2077FA1B96D93B00D6DD08 /* PulsingHalo.framework in Frameworks */ = {isa = PBXBuildFile; fileRef = CE2077F91B96D93B00D6DD08 /* PulsingHalo.framework */; };
		CE2078031B96D99E00D6DD08 /* LICENSE in Resources */ = {isa = PBXBuildFile; fileRef = CE2077FE1B96D99E00D6DD08 /* LICENSE */; };
		CE2078041B96D99E00D6DD08 /* PulsingHaloLayer.m in Sources */ = {isa = PBXBuildFile; fileRef = CE2078011B96D99E00D6DD08 /* PulsingHaloLayer.m */; };
		CE2078051B96D99E00D6DD08 /* README.md in Sources */ = {isa = PBXBuildFile; fileRef = CE2078021B96D99E00D6DD08 /* README.md */; };
		CE8313831B9C141200C43048 /* GlobalVariables.swift in Sources */ = {isa = PBXBuildFile; fileRef = CE8313821B9C141200C43048 /* GlobalVariables.swift */; };
		CEAF8C571B9FF05800641EB5 /* SwiftNotice.swift in Sources */ = {isa = PBXBuildFile; fileRef = CEAF8C561B9FF05800641EB5 /* SwiftNotice.swift */; };
		CED3471B1BA00A1700B3489E /* AboutMeViewController.swift in Sources */ = {isa = PBXBuildFile; fileRef = CED3471A1BA00A1700B3489E /* AboutMeViewController.swift */; };
/* End PBXBuildFile section */

/* Begin PBXFileReference section */
		0B4A540AEF7DDC1C07013EEA /* Pods.framework */ = {isa = PBXFileReference; explicitFileType = wrapper.framework; includeInIndex = 0; path = Pods.framework; sourceTree = BUILT_PRODUCTS_DIR; };
		42DB60393C87C68A19513B94 /* Pods.release.xcconfig */ = {isa = PBXFileReference; includeInIndex = 1; lastKnownFileType = text.xcconfig; name = Pods.release.xcconfig; path = "Pods/Target Support Files/Pods/Pods.release.xcconfig"; sourceTree = "<group>"; };
		892D64461CF486EEA75806E9 /* Pods.debug.xcconfig */ = {isa = PBXFileReference; includeInIndex = 1; lastKnownFileType = text.xcconfig; name = Pods.debug.xcconfig; path = "Pods/Target Support Files/Pods/Pods.debug.xcconfig"; sourceTree = "<group>"; };
		8E018D961A2A3D9B00BFBC40 /* 妹子.app */ = {isa = PBXFileReference; explicitFileType = wrapper.application; includeInIndex = 0; path = "妹子.app"; sourceTree = BUILT_PRODUCTS_DIR; };
		8E018D9A1A2A3D9C00BFBC40 /* Info.plist */ = {isa = PBXFileReference; lastKnownFileType = text.plist.xml; path = Info.plist; sourceTree = "<group>"; };
		8E018D9B1A2A3D9C00BFBC40 /* AppDelegate.swift */ = {isa = PBXFileReference; lastKnownFileType = sourcecode.swift; path = AppDelegate.swift; sourceTree = "<group>"; };
		8E018D9D1A2A3D9C00BFBC40 /* ViewController.swift */ = {isa = PBXFileReference; lastKnownFileType = sourcecode.swift; path = ViewController.swift; sourceTree = "<group>"; };
		8E018DA01A2A3D9C00BFBC40 /* Base */ = {isa = PBXFileReference; lastKnownFileType = file.storyboard; name = Base; path = Base.lproj/Main.storyboard; sourceTree = "<group>"; };
		8E018DA21A2A3D9C00BFBC40 /* Images.xcassets */ = {isa = PBXFileReference; lastKnownFileType = folder.assetcatalog; path = Images.xcassets; sourceTree = "<group>"; };
		8E018DA51A2A3D9C00BFBC40 /* Base */ = {isa = PBXFileReference; lastKnownFileType = file.xib; name = Base; path = Base.lproj/LaunchScreen.xib; sourceTree = "<group>"; };
		8E018DB01A2A3D9C00BFBC40 /* Info.plist */ = {isa = PBXFileReference; lastKnownFileType = text.plist.xml; path = Info.plist; sourceTree = "<group>"; };
		8E018DB11A2A3D9C00BFBC40 /* CardsDemoTests.swift */ = {isa = PBXFileReference; lastKnownFileType = sourcecode.swift; path = CardsDemoTests.swift; sourceTree = "<group>"; };
		8E018DBB1A2A3DC100BFBC40 /* MABCardsContainer.swift */ = {isa = PBXFileReference; fileEncoding = 4; lastKnownFileType = sourcecode.swift; path = MABCardsContainer.swift; sourceTree = "<group>"; };
		8E018DBC1A2A3DC100BFBC40 /* MABCardView.swift */ = {isa = PBXFileReference; fileEncoding = 4; lastKnownFileType = sourcecode.swift; path = MABCardView.swift; sourceTree = "<group>"; };
		CD54213E1B9586A20045E69B /* SwiftyJSON.framework */ = {isa = PBXFileReference; lastKnownFileType = wrapper.framework; name = SwiftyJSON.framework; path = "Pods/../build/Debug-iphoneos/SwiftyJSON.framework"; sourceTree = "<group>"; };
		CD5421431B95A0AF0045E69B /* mylove.plist */ = {isa = PBXFileReference; fileEncoding = 4; lastKnownFileType = text.plist.xml; path = mylove.plist; sourceTree = "<group>"; };
		CD99F51A1B944494009F7917 /* MyLoveViewController.swift */ = {isa = PBXFileReference; fileEncoding = 4; lastKnownFileType = sourcecode.swift; path = MyLoveViewController.swift; sourceTree = "<group>"; };
		CD99F51C1B9447E0009F7917 /* MJRefresh.framework */ = {isa = PBXFileReference; lastKnownFileType = wrapper.framework; name = MJRefresh.framework; path = "Pods/../build/Debug-iphoneos/MJRefresh.framework"; sourceTree = "<group>"; };
		CD99F5221B9476A8009F7917 /* ParallaxHeaderView.h */ = {isa = PBXFileReference; fileEncoding = 4; lastKnownFileType = sourcecode.c.h; path = ParallaxHeaderView.h; sourceTree = "<group>"; };
		CD99F5231B9476A8009F7917 /* ParallaxHeaderView.m */ = {isa = PBXFileReference; fileEncoding = 4; lastKnownFileType = sourcecode.c.objc; path = ParallaxHeaderView.m; sourceTree = "<group>"; };
		CD99F5241B9476A8009F7917 /* StoryCommentCell.h */ = {isa = PBXFileReference; fileEncoding = 4; lastKnownFileType = sourcecode.c.h; path = StoryCommentCell.h; sourceTree = "<group>"; };
		CD99F5251B9476A8009F7917 /* StoryCommentCell.m */ = {isa = PBXFileReference; fileEncoding = 4; lastKnownFileType = sourcecode.c.objc; path = StoryCommentCell.m; sourceTree = "<group>"; };
		CD99F5261B9476A8009F7917 /* StoryViewController.h */ = {isa = PBXFileReference; fileEncoding = 4; lastKnownFileType = sourcecode.c.h; path = StoryViewController.h; sourceTree = "<group>"; };
		CD99F5271B9476A8009F7917 /* StoryViewController.m */ = {isa = PBXFileReference; fileEncoding = 4; lastKnownFileType = sourcecode.c.objc; path = StoryViewController.m; sourceTree = "<group>"; };
		CD99F5281B9476A8009F7917 /* UIImage+ImageEffects.h */ = {isa = PBXFileReference; fileEncoding = 4; lastKnownFileType = sourcecode.c.h; path = "UIImage+ImageEffects.h"; sourceTree = "<group>"; };
		CD99F5291B9476A8009F7917 /* UIImage+ImageEffects.m */ = {isa = PBXFileReference; fileEncoding = 4; lastKnownFileType = sourcecode.c.objc; path = "UIImage+ImageEffects.m"; sourceTree = "<group>"; };
		CD99F5331B947831009F7917 /* MJRefreshAutoFooter.h */ = {isa = PBXFileReference; fileEncoding = 4; lastKnownFileType = sourcecode.c.h; path = MJRefreshAutoFooter.h; sourceTree = "<group>"; };
		CD99F5341B947831009F7917 /* MJRefreshAutoFooter.m */ = {isa = PBXFileReference; fileEncoding = 4; lastKnownFileType = sourcecode.c.objc; path = MJRefreshAutoFooter.m; sourceTree = "<group>"; };
		CD99F5351B947831009F7917 /* MJRefreshBackFooter.h */ = {isa = PBXFileReference; fileEncoding = 4; lastKnownFileType = sourcecode.c.h; path = MJRefreshBackFooter.h; sourceTree = "<group>"; };
		CD99F5361B947831009F7917 /* MJRefreshBackFooter.m */ = {isa = PBXFileReference; fileEncoding = 4; lastKnownFileType = sourcecode.c.objc; path = MJRefreshBackFooter.m; sourceTree = "<group>"; };
		CD99F5371B947831009F7917 /* MJRefreshComponent.h */ = {isa = PBXFileReference; fileEncoding = 4; lastKnownFileType = sourcecode.c.h; path = MJRefreshComponent.h; sourceTree = "<group>"; };
		CD99F5381B947831009F7917 /* MJRefreshComponent.m */ = {isa = PBXFileReference; fileEncoding = 4; lastKnownFileType = sourcecode.c.objc; path = MJRefreshComponent.m; sourceTree = "<group>"; };
		CD99F5391B947831009F7917 /* MJRefreshFooter.h */ = {isa = PBXFileReference; fileEncoding = 4; lastKnownFileType = sourcecode.c.h; path = MJRefreshFooter.h; sourceTree = "<group>"; };
		CD99F53A1B947831009F7917 /* MJRefreshFooter.m */ = {isa = PBXFileReference; fileEncoding = 4; lastKnownFileType = sourcecode.c.objc; path = MJRefreshFooter.m; sourceTree = "<group>"; };
		CD99F53B1B947831009F7917 /* MJRefreshHeader.h */ = {isa = PBXFileReference; fileEncoding = 4; lastKnownFileType = sourcecode.c.h; path = MJRefreshHeader.h; sourceTree = "<group>"; };
		CD99F53C1B947831009F7917 /* MJRefreshHeader.m */ = {isa = PBXFileReference; fileEncoding = 4; lastKnownFileType = sourcecode.c.objc; path = MJRefreshHeader.m; sourceTree = "<group>"; };
		CD99F5401B947831009F7917 /* MJRefreshAutoGifFooter.h */ = {isa = PBXFileReference; fileEncoding = 4; lastKnownFileType = sourcecode.c.h; path = MJRefreshAutoGifFooter.h; sourceTree = "<group>"; };
		CD99F5411B947831009F7917 /* MJRefreshAutoGifFooter.m */ = {isa = PBXFileReference; fileEncoding = 4; lastKnownFileType = sourcecode.c.objc; path = MJRefreshAutoGifFooter.m; sourceTree = "<group>"; };
		CD99F5421B947831009F7917 /* MJRefreshAutoNormalFooter.h */ = {isa = PBXFileReference; fileEncoding = 4; lastKnownFileType = sourcecode.c.h; path = MJRefreshAutoNormalFooter.h; sourceTree = "<group>"; };
		CD99F5431B947831009F7917 /* MJRefreshAutoNormalFooter.m */ = {isa = PBXFileReference; fileEncoding = 4; lastKnownFileType = sourcecode.c.objc; path = MJRefreshAutoNormalFooter.m; sourceTree = "<group>"; };
		CD99F5441B947831009F7917 /* MJRefreshAutoStateFooter.h */ = {isa = PBXFileReference; fileEncoding = 4; lastKnownFileType = sourcecode.c.h; path = MJRefreshAutoStateFooter.h; sourceTree = "<group>"; };
		CD99F5451B947831009F7917 /* MJRefreshAutoStateFooter.m */ = {isa = PBXFileReference; fileEncoding = 4; lastKnownFileType = sourcecode.c.objc; path = MJRefreshAutoStateFooter.m; sourceTree = "<group>"; };
		CD99F5471B947831009F7917 /* MJRefreshBackGifFooter.h */ = {isa = PBXFileReference; fileEncoding = 4; lastKnownFileType = sourcecode.c.h; path = MJRefreshBackGifFooter.h; sourceTree = "<group>"; };
		CD99F5481B947831009F7917 /* MJRefreshBackGifFooter.m */ = {isa = PBXFileReference; fileEncoding = 4; lastKnownFileType = sourcecode.c.objc; path = MJRefreshBackGifFooter.m; sourceTree = "<group>"; };
		CD99F5491B947831009F7917 /* MJRefreshBackNormalFooter.h */ = {isa = PBXFileReference; fileEncoding = 4; lastKnownFileType = sourcecode.c.h; path = MJRefreshBackNormalFooter.h; sourceTree = "<group>"; };
		CD99F54A1B947831009F7917 /* MJRefreshBackNormalFooter.m */ = {isa = PBXFileReference; fileEncoding = 4; lastKnownFileType = sourcecode.c.objc; path = MJRefreshBackNormalFooter.m; sourceTree = "<group>"; };
		CD99F54B1B947831009F7917 /* MJRefreshBackStateFooter.h */ = {isa = PBXFileReference; fileEncoding = 4; lastKnownFileType = sourcecode.c.h; path = MJRefreshBackStateFooter.h; sourceTree = "<group>"; };
		CD99F54C1B947831009F7917 /* MJRefreshBackStateFooter.m */ = {isa = PBXFileReference; fileEncoding = 4; lastKnownFileType = sourcecode.c.objc; path = MJRefreshBackStateFooter.m; sourceTree = "<group>"; };
		CD99F54E1B947831009F7917 /* MJRefreshGifHeader.h */ = {isa = PBXFileReference; fileEncoding = 4; lastKnownFileType = sourcecode.c.h; path = MJRefreshGifHeader.h; sourceTree = "<group>"; };
		CD99F54F1B947831009F7917 /* MJRefreshGifHeader.m */ = {isa = PBXFileReference; fileEncoding = 4; lastKnownFileType = sourcecode.c.objc; path = MJRefreshGifHeader.m; sourceTree = "<group>"; };
		CD99F5501B947831009F7917 /* MJRefreshNormalHeader.h */ = {isa = PBXFileReference; fileEncoding = 4; lastKnownFileType = sourcecode.c.h; path = MJRefreshNormalHeader.h; sourceTree = "<group>"; };
		CD99F5511B947831009F7917 /* MJRefreshNormalHeader.m */ = {isa = PBXFileReference; fileEncoding = 4; lastKnownFileType = sourcecode.c.objc; path = MJRefreshNormalHeader.m; sourceTree = "<group>"; };
		CD99F5521B947831009F7917 /* MJRefreshStateHeader.h */ = {isa = PBXFileReference; fileEncoding = 4; lastKnownFileType = sourcecode.c.h; path = MJRefreshStateHeader.h; sourceTree = "<group>"; };
		CD99F5531B947831009F7917 /* MJRefreshStateHeader.m */ = {isa = PBXFileReference; fileEncoding = 4; lastKnownFileType = sourcecode.c.objc; path = MJRefreshStateHeader.m; sourceTree = "<group>"; };
		CD99F5541B947831009F7917 /* MJRefresh.bundle */ = {isa = PBXFileReference; lastKnownFileType = "wrapper.plug-in"; path = MJRefresh.bundle; sourceTree = "<group>"; };
		CD99F5551B947831009F7917 /* MJRefresh.h */ = {isa = PBXFileReference; fileEncoding = 4; lastKnownFileType = sourcecode.c.h; path = MJRefresh.h; sourceTree = "<group>"; };
		CD99F5561B947831009F7917 /* MJRefreshConst.h */ = {isa = PBXFileReference; fileEncoding = 4; lastKnownFileType = sourcecode.c.h; path = MJRefreshConst.h; sourceTree = "<group>"; };
		CD99F5571B947831009F7917 /* MJRefreshConst.m */ = {isa = PBXFileReference; fileEncoding = 4; lastKnownFileType = sourcecode.c.objc; path = MJRefreshConst.m; sourceTree = "<group>"; };
		CD99F5581B947831009F7917 /* UIScrollView+MJExtension.h */ = {isa = PBXFileReference; fileEncoding = 4; lastKnownFileType = sourcecode.c.h; path = "UIScrollView+MJExtension.h"; sourceTree = "<group>"; };
		CD99F5591B947831009F7917 /* UIScrollView+MJExtension.m */ = {isa = PBXFileReference; fileEncoding = 4; lastKnownFileType = sourcecode.c.objc; path = "UIScrollView+MJExtension.m"; sourceTree = "<group>"; };
		CD99F55A1B947831009F7917 /* UIScrollView+MJRefresh.h */ = {isa = PBXFileReference; fileEncoding = 4; lastKnownFileType = sourcecode.c.h; path = "UIScrollView+MJRefresh.h"; sourceTree = "<group>"; };
		CD99F55B1B947831009F7917 /* UIScrollView+MJRefresh.m */ = {isa = PBXFileReference; fileEncoding = 4; lastKnownFileType = sourcecode.c.objc; path = "UIScrollView+MJRefresh.m"; sourceTree = "<group>"; };
		CD99F55C1B947831009F7917 /* UIView+MJExtension.h */ = {isa = PBXFileReference; fileEncoding = 4; lastKnownFileType = sourcecode.c.h; path = "UIView+MJExtension.h"; sourceTree = "<group>"; };
		CD99F55D1B947831009F7917 /* UIView+MJExtension.m */ = {isa = PBXFileReference; fileEncoding = 4; lastKnownFileType = sourcecode.c.objc; path = "UIView+MJExtension.m"; sourceTree = "<group>"; };
		CD99F5711B9480DD009F7917 /* MyLoveViewCell.swift */ = {isa = PBXFileReference; fileEncoding = 4; lastKnownFileType = sourcecode.swift; path = MyLoveViewCell.swift; sourceTree = "<group>"; };
		CDD21F081B8D848600F0F6C0 /* JKPopMenuItem.h */ = {isa = PBXFileReference; fileEncoding = 4; lastKnownFileType = sourcecode.c.h; path = JKPopMenuItem.h; sourceTree = "<group>"; };
		CDD21F091B8D848600F0F6C0 /* JKPopMenuItem.m */ = {isa = PBXFileReference; fileEncoding = 4; lastKnownFileType = sourcecode.c.objc; path = JKPopMenuItem.m; sourceTree = "<group>"; };
		CDD21F0A1B8D848600F0F6C0 /* JKPopMenuView.h */ = {isa = PBXFileReference; fileEncoding = 4; lastKnownFileType = sourcecode.c.h; path = JKPopMenuView.h; sourceTree = "<group>"; };
		CDD21F0B1B8D848600F0F6C0 /* JKPopMenuView.m */ = {isa = PBXFileReference; fileEncoding = 4; lastKnownFileType = sourcecode.c.objc; path = JKPopMenuView.m; sourceTree = "<group>"; };
		CDD21F111B8D873E00F0F6C0 /* OCHeader.h */ = {isa = PBXFileReference; lastKnownFileType = sourcecode.c.h; name = OCHeader.h; path = CardsDemo/OCHeader.h; sourceTree = "<group>"; };
		CDD21F121B8DA6E800F0F6C0 /* libPods-Alamofire.a */ = {isa = PBXFileReference; lastKnownFileType = archive.ar; name = "libPods-Alamofire.a"; path = "Pods/build/Debug-iphoneos/libPods-Alamofire.a"; sourceTree = "<group>"; };
		CDD21F141B8DA98F00F0F6C0 /* libPods-Alamofire.a */ = {isa = PBXFileReference; lastKnownFileType = archive.ar; name = "libPods-Alamofire.a"; path = "Pods/build/Debug-iphoneos/libPods-Alamofire.a"; sourceTree = "<group>"; };
		CDD21F161B8DA9C900F0F6C0 /* libPods-Alamofire.a */ = {isa = PBXFileReference; lastKnownFileType = archive.ar; name = "libPods-Alamofire.a"; path = "Pods/build/Debug-iphoneos/libPods-Alamofire.a"; sourceTree = "<group>"; };
		CDD21F181B8DAFFF00F0F6C0 /* Alamofire.framework */ = {isa = PBXFileReference; lastKnownFileType = wrapper.framework; name = Alamofire.framework; path = "Pods/../build/Release-iphoneos/Alamofire.framework"; sourceTree = "<group>"; };
		CDD21F1A1B8DB7EE00F0F6C0 /* AFNetworking.framework */ = {isa = PBXFileReference; lastKnownFileType = wrapper.framework; name = AFNetworking.framework; path = "Pods/../build/Debug-iphoneos/AFNetworking.framework"; sourceTree = "<group>"; };
		CDD21F1D1B8DE8A800F0F6C0 /* PicItem.swift */ = {isa = PBXFileReference; fileEncoding = 4; lastKnownFileType = sourcecode.swift; path = PicItem.swift; sourceTree = "<group>"; };
		CDD21F1F1B8E04EC00F0F6C0 /* SDWebImage.framework */ = {isa = PBXFileReference; lastKnownFileType = wrapper.framework; name = SDWebImage.framework; path = "Pods/../build/Debug-iphoneos/SDWebImage.framework"; sourceTree = "<group>"; };
		CDD21F241B8EF12000F0F6C0 /* QiniuUitl.swift */ = {isa = PBXFileReference; fileEncoding = 4; lastKnownFileType = sourcecode.swift; path = QiniuUitl.swift; sourceTree = "<group>"; };
		CDD21F261B8EF2AC00F0F6C0 /* QiniuUtiloc.h */ = {isa = PBXFileReference; fileEncoding = 4; lastKnownFileType = sourcecode.c.h; path = QiniuUtiloc.h; sourceTree = "<group>"; };
		CDD21F271B8EF2AC00F0F6C0 /* QiniuUtiloc.m */ = {isa = PBXFileReference; fileEncoding = 4; lastKnownFileType = sourcecode.c.objc; path = QiniuUtiloc.m; sourceTree = "<group>"; };
		CE1E02F51B96CC3F0087056D /* FXBlurView.framework */ = {isa = PBXFileReference; lastKnownFileType = wrapper.framework; name = FXBlurView.framework; path = "Pods/../build/Debug-iphoneos/FXBlurView.framework"; sourceTree = "<group>"; };
		CE1E02F71B96CC4E0087056D /* PulsingHalo.framework */ = {isa = PBXFileReference; lastKnownFileType = wrapper.framework; name = PulsingHalo.framework; path = "Pods/../build/Debug-iphoneos/PulsingHalo.framework"; sourceTree = "<group>"; };
		CE2077F91B96D93B00D6DD08 /* PulsingHalo.framework */ = {isa = PBXFileReference; lastKnownFileType = wrapper.framework; name = PulsingHalo.framework; path = "Pods/../build/Debug-iphoneos/PulsingHalo.framework"; sourceTree = "<group>"; };
		CE2077FE1B96D99E00D6DD08 /* LICENSE */ = {isa = PBXFileReference; fileEncoding = 4; lastKnownFileType = text; path = LICENSE; sourceTree = "<group>"; };
		CE2078001B96D99E00D6DD08 /* PulsingHaloLayer.h */ = {isa = PBXFileReference; fileEncoding = 4; lastKnownFileType = sourcecode.c.h; path = PulsingHaloLayer.h; sourceTree = "<group>"; };
		CE2078011B96D99E00D6DD08 /* PulsingHaloLayer.m */ = {isa = PBXFileReference; fileEncoding = 4; lastKnownFileType = sourcecode.c.objc; path = PulsingHaloLayer.m; sourceTree = "<group>"; };
		CE2078021B96D99E00D6DD08 /* README.md */ = {isa = PBXFileReference; fileEncoding = 4; lastKnownFileType = net.daringfireball.markdown; path = README.md; sourceTree = "<group>"; };
		CE8313821B9C141200C43048 /* GlobalVariables.swift */ = {isa = PBXFileReference; fileEncoding = 4; lastKnownFileType = sourcecode.swift; path = GlobalVariables.swift; sourceTree = "<group>"; };
		CEAF8C561B9FF05800641EB5 /* SwiftNotice.swift */ = {isa = PBXFileReference; fileEncoding = 4; lastKnownFileType = sourcecode.swift; path = SwiftNotice.swift; sourceTree = "<group>"; };
		CED3471A1BA00A1700B3489E /* AboutMeViewController.swift */ = {isa = PBXFileReference; fileEncoding = 4; lastKnownFileType = sourcecode.swift; path = AboutMeViewController.swift; sourceTree = "<group>"; };
/* End PBXFileReference section */

/* Begin PBXFrameworksBuildPhase section */
		8E018D931A2A3D9B00BFBC40 /* Frameworks */ = {
			isa = PBXFrameworksBuildPhase;
			buildActionMask = 2147483647;
			files = (
				CE2077FA1B96D93B00D6DD08 /* PulsingHalo.framework in Frameworks */,
				CE1E02F61B96CC3F0087056D /* FXBlurView.framework in Frameworks */,
				CDD21F201B8E04EC00F0F6C0 /* SDWebImage.framework in Frameworks */,
				CDD21F191B8DAFFF00F0F6C0 /* Alamofire.framework in Frameworks */,
				1F09572A8B2B03A746DA462D /* Pods.framework in Frameworks */,
			);
			runOnlyForDeploymentPostprocessing = 0;
		};
/* End PBXFrameworksBuildPhase section */

/* Begin PBXGroup section */
		8E018D8D1A2A3D9B00BFBC40 = {
			isa = PBXGroup;
			children = (
				CDD21F111B8D873E00F0F6C0 /* OCHeader.h */,
				8E018D981A2A3D9B00BFBC40 /* meizi */,
				8E018DAE1A2A3D9C00BFBC40 /* CardsDemoTests */,
				8E018D971A2A3D9B00BFBC40 /* Products */,
				8E743C8F51B063FEAD5224EF /* Pods */,
				EFFDCD4AD3F84E0358280B39 /* Frameworks */,
			);
			sourceTree = "<group>";
		};
		8E018D971A2A3D9B00BFBC40 /* Products */ = {
			isa = PBXGroup;
			children = (
				8E018D961A2A3D9B00BFBC40 /* 妹子.app */,
			);
			name = Products;
			sourceTree = "<group>";
		};
		8E018D981A2A3D9B00BFBC40 /* meizi */ = {
			isa = PBXGroup;
			children = (
				CE2077FD1B96D99E00D6DD08 /* PulsingHalo */,
				CD99F5311B947831009F7917 /* MJRefresh */,
				CD99F5211B9475ED009F7917 /* TableViewWHeader */,
				CDD21F231B8EE48200F0F6C0 /* Uitl */,
				CDD21F221B8EE46C00F0F6C0 /* Controller */,
				CDD21F211B8EE45700F0F6C0 /* View */,
				CDD21F1C1B8DE86700F0F6C0 /* Model */,
				CDD21F071B8D848600F0F6C0 /* JKPopMenu */,
				8E018DBB1A2A3DC100BFBC40 /* MABCardsContainer.swift */,
				8E018DBC1A2A3DC100BFBC40 /* MABCardView.swift */,
				8E018D9B1A2A3D9C00BFBC40 /* AppDelegate.swift */,
				8E018D9D1A2A3D9C00BFBC40 /* ViewController.swift */,
				8E018D9F1A2A3D9C00BFBC40 /* Main.storyboard */,
				8E018DA21A2A3D9C00BFBC40 /* Images.xcassets */,
				8E018DA41A2A3D9C00BFBC40 /* LaunchScreen.xib */,
				8E018D991A2A3D9B00BFBC40 /* Supporting Files */,
			);
			name = meizi;
			path = CardsDemo;
			sourceTree = "<group>";
		};
		8E018D991A2A3D9B00BFBC40 /* Supporting Files */ = {
			isa = PBXGroup;
			children = (
				8E018D9A1A2A3D9C00BFBC40 /* Info.plist */,
				CD5421431B95A0AF0045E69B /* mylove.plist */,
			);
			name = "Supporting Files";
			sourceTree = "<group>";
		};
		8E018DAE1A2A3D9C00BFBC40 /* CardsDemoTests */ = {
			isa = PBXGroup;
			children = (
				8E018DB11A2A3D9C00BFBC40 /* CardsDemoTests.swift */,
				8E018DAF1A2A3D9C00BFBC40 /* Supporting Files */,
			);
			path = CardsDemoTests;
			sourceTree = "<group>";
		};
		8E018DAF1A2A3D9C00BFBC40 /* Supporting Files */ = {
			isa = PBXGroup;
			children = (
				8E018DB01A2A3D9C00BFBC40 /* Info.plist */,
			);
			name = "Supporting Files";
			sourceTree = "<group>";
		};
		8E743C8F51B063FEAD5224EF /* Pods */ = {
			isa = PBXGroup;
			children = (
				892D64461CF486EEA75806E9 /* Pods.debug.xcconfig */,
				42DB60393C87C68A19513B94 /* Pods.release.xcconfig */,
			);
			name = Pods;
			sourceTree = "<group>";
		};
		CD99F5211B9475ED009F7917 /* TableViewWHeader */ = {
			isa = PBXGroup;
			children = (
				CD99F5221B9476A8009F7917 /* ParallaxHeaderView.h */,
				CD99F5231B9476A8009F7917 /* ParallaxHeaderView.m */,
				CD99F5241B9476A8009F7917 /* StoryCommentCell.h */,
				CD99F5251B9476A8009F7917 /* StoryCommentCell.m */,
				CD99F5261B9476A8009F7917 /* StoryViewController.h */,
				CD99F5271B9476A8009F7917 /* StoryViewController.m */,
				CD99F5281B9476A8009F7917 /* UIImage+ImageEffects.h */,
				CD99F5291B9476A8009F7917 /* UIImage+ImageEffects.m */,
			);
			name = TableViewWHeader;
			sourceTree = "<group>";
		};
		CD99F5311B947831009F7917 /* MJRefresh */ = {
			isa = PBXGroup;
			children = (
				CD99F5321B947831009F7917 /* Base */,
				CD99F53D1B947831009F7917 /* Custom */,
				CD99F5541B947831009F7917 /* MJRefresh.bundle */,
				CD99F5551B947831009F7917 /* MJRefresh.h */,
				CD99F5561B947831009F7917 /* MJRefreshConst.h */,
				CD99F5571B947831009F7917 /* MJRefreshConst.m */,
				CD99F5581B947831009F7917 /* UIScrollView+MJExtension.h */,
				CD99F5591B947831009F7917 /* UIScrollView+MJExtension.m */,
				CD99F55A1B947831009F7917 /* UIScrollView+MJRefresh.h */,
				CD99F55B1B947831009F7917 /* UIScrollView+MJRefresh.m */,
				CD99F55C1B947831009F7917 /* UIView+MJExtension.h */,
				CD99F55D1B947831009F7917 /* UIView+MJExtension.m */,
			);
			path = MJRefresh;
			sourceTree = "<group>";
		};
		CD99F5321B947831009F7917 /* Base */ = {
			isa = PBXGroup;
			children = (
				CD99F5331B947831009F7917 /* MJRefreshAutoFooter.h */,
				CD99F5341B947831009F7917 /* MJRefreshAutoFooter.m */,
				CD99F5351B947831009F7917 /* MJRefreshBackFooter.h */,
				CD99F5361B947831009F7917 /* MJRefreshBackFooter.m */,
				CD99F5371B947831009F7917 /* MJRefreshComponent.h */,
				CD99F5381B947831009F7917 /* MJRefreshComponent.m */,
				CD99F5391B947831009F7917 /* MJRefreshFooter.h */,
				CD99F53A1B947831009F7917 /* MJRefreshFooter.m */,
				CD99F53B1B947831009F7917 /* MJRefreshHeader.h */,
				CD99F53C1B947831009F7917 /* MJRefreshHeader.m */,
			);
			path = Base;
			sourceTree = "<group>";
		};
		CD99F53D1B947831009F7917 /* Custom */ = {
			isa = PBXGroup;
			children = (
				CD99F53E1B947831009F7917 /* Footer */,
				CD99F54D1B947831009F7917 /* Header */,
			);
			path = Custom;
			sourceTree = "<group>";
		};
		CD99F53E1B947831009F7917 /* Footer */ = {
			isa = PBXGroup;
			children = (
				CD99F53F1B947831009F7917 /* Auto */,
				CD99F5461B947831009F7917 /* Back */,
			);
			path = Footer;
			sourceTree = "<group>";
		};
		CD99F53F1B947831009F7917 /* Auto */ = {
			isa = PBXGroup;
			children = (
				CD99F5401B947831009F7917 /* MJRefreshAutoGifFooter.h */,
				CD99F5411B947831009F7917 /* MJRefreshAutoGifFooter.m */,
				CD99F5421B947831009F7917 /* MJRefreshAutoNormalFooter.h */,
				CD99F5431B947831009F7917 /* MJRefreshAutoNormalFooter.m */,
				CD99F5441B947831009F7917 /* MJRefreshAutoStateFooter.h */,
				CD99F5451B947831009F7917 /* MJRefreshAutoStateFooter.m */,
			);
			path = Auto;
			sourceTree = "<group>";
		};
		CD99F5461B947831009F7917 /* Back */ = {
			isa = PBXGroup;
			children = (
				CD99F5471B947831009F7917 /* MJRefreshBackGifFooter.h */,
				CD99F5481B947831009F7917 /* MJRefreshBackGifFooter.m */,
				CD99F5491B947831009F7917 /* MJRefreshBackNormalFooter.h */,
				CD99F54A1B947831009F7917 /* MJRefreshBackNormalFooter.m */,
				CD99F54B1B947831009F7917 /* MJRefreshBackStateFooter.h */,
				CD99F54C1B947831009F7917 /* MJRefreshBackStateFooter.m */,
			);
			path = Back;
			sourceTree = "<group>";
		};
		CD99F54D1B947831009F7917 /* Header */ = {
			isa = PBXGroup;
			children = (
				CD99F54E1B947831009F7917 /* MJRefreshGifHeader.h */,
				CD99F54F1B947831009F7917 /* MJRefreshGifHeader.m */,
				CD99F5501B947831009F7917 /* MJRefreshNormalHeader.h */,
				CD99F5511B947831009F7917 /* MJRefreshNormalHeader.m */,
				CD99F5521B947831009F7917 /* MJRefreshStateHeader.h */,
				CD99F5531B947831009F7917 /* MJRefreshStateHeader.m */,
			);
			path = Header;
			sourceTree = "<group>";
		};
		CDD21F071B8D848600F0F6C0 /* JKPopMenu */ = {
			isa = PBXGroup;
			children = (
				CDD21F081B8D848600F0F6C0 /* JKPopMenuItem.h */,
				CDD21F091B8D848600F0F6C0 /* JKPopMenuItem.m */,
				CDD21F0A1B8D848600F0F6C0 /* JKPopMenuView.h */,
				CDD21F0B1B8D848600F0F6C0 /* JKPopMenuView.m */,
			);
			path = JKPopMenu;
			sourceTree = "<group>";
		};
		CDD21F1C1B8DE86700F0F6C0 /* Model */ = {
			isa = PBXGroup;
			children = (
				CDD21F1D1B8DE8A800F0F6C0 /* PicItem.swift */,
			);
			name = Model;
			sourceTree = "<group>";
		};
		CDD21F211B8EE45700F0F6C0 /* View */ = {
			isa = PBXGroup;
			children = (
				CD99F5711B9480DD009F7917 /* MyLoveViewCell.swift */,
			);
			name = View;
			sourceTree = "<group>";
		};
		CDD21F221B8EE46C00F0F6C0 /* Controller */ = {
			isa = PBXGroup;
			children = (
				CD99F51A1B944494009F7917 /* MyLoveViewController.swift */,
				CED3471A1BA00A1700B3489E /* AboutMeViewController.swift */,
			);
			name = Controller;
			sourceTree = "<group>";
		};
		CDD21F231B8EE48200F0F6C0 /* Uitl */ = {
			isa = PBXGroup;
			children = (
				CDD21F241B8EF12000F0F6C0 /* QiniuUitl.swift */,
				CDD21F261B8EF2AC00F0F6C0 /* QiniuUtiloc.h */,
				CEAF8C561B9FF05800641EB5 /* SwiftNotice.swift */,
				CDD21F271B8EF2AC00F0F6C0 /* QiniuUtiloc.m */,
				CE8313821B9C141200C43048 /* GlobalVariables.swift */,
			);
			name = Uitl;
			sourceTree = "<group>";
		};
		CE2077FD1B96D99E00D6DD08 /* PulsingHalo */ = {
			isa = PBXGroup;
			children = (
				CE2077FE1B96D99E00D6DD08 /* LICENSE */,
				CE2077FF1B96D99E00D6DD08 /* PulsingHalo */,
				CE2078021B96D99E00D6DD08 /* README.md */,
			);
			path = PulsingHalo;
			sourceTree = "<group>";
		};
		CE2077FF1B96D99E00D6DD08 /* PulsingHalo */ = {
			isa = PBXGroup;
			children = (
				CE2078001B96D99E00D6DD08 /* PulsingHaloLayer.h */,
				CE2078011B96D99E00D6DD08 /* PulsingHaloLayer.m */,
			);
			path = PulsingHalo;
			sourceTree = "<group>";
		};
		EFFDCD4AD3F84E0358280B39 /* Frameworks */ = {
			isa = PBXGroup;
			children = (
				CE2077F91B96D93B00D6DD08 /* PulsingHalo.framework */,
				CE1E02F71B96CC4E0087056D /* PulsingHalo.framework */,
				CE1E02F51B96CC3F0087056D /* FXBlurView.framework */,
				CD54213E1B9586A20045E69B /* SwiftyJSON.framework */,
				CD99F51C1B9447E0009F7917 /* MJRefresh.framework */,
				CDD21F1F1B8E04EC00F0F6C0 /* SDWebImage.framework */,
				CDD21F1A1B8DB7EE00F0F6C0 /* AFNetworking.framework */,
				CDD21F181B8DAFFF00F0F6C0 /* Alamofire.framework */,
				CDD21F161B8DA9C900F0F6C0 /* libPods-Alamofire.a */,
				CDD21F141B8DA98F00F0F6C0 /* libPods-Alamofire.a */,
				CDD21F121B8DA6E800F0F6C0 /* libPods-Alamofire.a */,
				0B4A540AEF7DDC1C07013EEA /* Pods.framework */,
			);
			name = Frameworks;
			sourceTree = "<group>";
		};
/* End PBXGroup section */

/* Begin PBXNativeTarget section */
		8E018D951A2A3D9B00BFBC40 /* meizi */ = {
			isa = PBXNativeTarget;
			buildConfigurationList = 8E018DB51A2A3D9C00BFBC40 /* Build configuration list for PBXNativeTarget "meizi" */;
			buildPhases = (
				3F896AE66301026700DD29DE /* Check Pods Manifest.lock */,
				8E018D921A2A3D9B00BFBC40 /* Sources */,
				8E018D931A2A3D9B00BFBC40 /* Frameworks */,
				8E018D941A2A3D9B00BFBC40 /* Resources */,
				744C2EDD1E30585ECD733011 /* Copy Pods Resources */,
				0911E3D84CFE55179BE67EAF /* Embed Pods Frameworks */,
			);
			buildRules = (
			);
			dependencies = (
			);
			name = meizi;
			productName = CardsDemo;
			productReference = 8E018D961A2A3D9B00BFBC40 /* 妹子.app */;
			productType = "com.apple.product-type.application";
		};
/* End PBXNativeTarget section */

/* Begin PBXProject section */
		8E018D8E1A2A3D9B00BFBC40 /* Project object */ = {
			isa = PBXProject;
			attributes = {
				LastUpgradeCheck = 0610;
				ORGANIZATIONNAME = "Muhammad Bassio";
				TargetAttributes = {
					8E018D951A2A3D9B00BFBC40 = {
						CreatedOnToolsVersion = 6.1;
						DevelopmentTeam = 8EQ8DUTDZW;
					};
				};
			};
			buildConfigurationList = 8E018D911A2A3D9B00BFBC40 /* Build configuration list for PBXProject "meizi" */;
			compatibilityVersion = "Xcode 3.2";
			developmentRegion = English;
			hasScannedForEncodings = 0;
			knownRegions = (
				en,
				Base,
			);
			mainGroup = 8E018D8D1A2A3D9B00BFBC40;
			productRefGroup = 8E018D971A2A3D9B00BFBC40 /* Products */;
			projectDirPath = "";
			projectRoot = "";
			targets = (
				8E018D951A2A3D9B00BFBC40 /* meizi */,
			);
		};
/* End PBXProject section */

/* Begin PBXResourcesBuildPhase section */
		8E018D941A2A3D9B00BFBC40 /* Resources */ = {
			isa = PBXResourcesBuildPhase;
			buildActionMask = 2147483647;
			files = (
				CE2078031B96D99E00D6DD08 /* LICENSE in Resources */,
				8E018DA11A2A3D9C00BFBC40 /* Main.storyboard in Resources */,
				CD5421441B95A0AF0045E69B /* mylove.plist in Resources */,
				8E018DA61A2A3D9C00BFBC40 /* LaunchScreen.xib in Resources */,
				CD99F56C1B947831009F7917 /* MJRefresh.bundle in Resources */,
				8E018DA31A2A3D9C00BFBC40 /* Images.xcassets in Resources */,
			);
			runOnlyForDeploymentPostprocessing = 0;
		};
/* End PBXResourcesBuildPhase section */

/* Begin PBXShellScriptBuildPhase section */
		0911E3D84CFE55179BE67EAF /* Embed Pods Frameworks */ = {
			isa = PBXShellScriptBuildPhase;
			buildActionMask = 2147483647;
			files = (
			);
			inputPaths = (
			);
			name = "Embed Pods Frameworks";
			outputPaths = (
			);
			runOnlyForDeploymentPostprocessing = 0;
			shellPath = /bin/sh;
			shellScript = "\"${SRCROOT}/Pods/Target Support Files/Pods/Pods-frameworks.sh\"\n";
			showEnvVarsInLog = 0;
		};
		3F896AE66301026700DD29DE /* Check Pods Manifest.lock */ = {
			isa = PBXShellScriptBuildPhase;
			buildActionMask = 2147483647;
			files = (
			);
			inputPaths = (
			);
			name = "Check Pods Manifest.lock";
			outputPaths = (
			);
			runOnlyForDeploymentPostprocessing = 0;
			shellPath = /bin/sh;
			shellScript = "diff \"${PODS_ROOT}/../Podfile.lock\" \"${PODS_ROOT}/Manifest.lock\" > /dev/null\nif [[ $? != 0 ]] ; then\n    cat << EOM\nerror: The sandbox is not in sync with the Podfile.lock. Run 'pod install' or update your CocoaPods installation.\nEOM\n    exit 1\nfi\n";
			showEnvVarsInLog = 0;
		};
		744C2EDD1E30585ECD733011 /* Copy Pods Resources */ = {
			isa = PBXShellScriptBuildPhase;
			buildActionMask = 2147483647;
			files = (
			);
			inputPaths = (
			);
			name = "Copy Pods Resources";
			outputPaths = (
			);
			runOnlyForDeploymentPostprocessing = 0;
			shellPath = /bin/sh;
			shellScript = "\"${SRCROOT}/Pods/Target Support Files/Pods/Pods-resources.sh\"\n";
			showEnvVarsInLog = 0;
		};
/* End PBXShellScriptBuildPhase section */

/* Begin PBXSourcesBuildPhase section */
		8E018D921A2A3D9B00BFBC40 /* Sources */ = {
			isa = PBXSourcesBuildPhase;
			buildActionMask = 2147483647;
			files = (
				CD99F56A1B947831009F7917 /* MJRefreshNormalHeader.m in Sources */,
				CD99F5601B947831009F7917 /* MJRefreshComponent.m in Sources */,
				8E018DBD1A2A3DC100BFBC40 /* MABCardsContainer.swift in Sources */,
				CD99F56F1B947831009F7917 /* UIScrollView+MJRefresh.m in Sources */,
				CD99F52A1B9476A8009F7917 /* ParallaxHeaderView.m in Sources */,
				CD99F52D1B9476A8009F7917 /* UIImage+ImageEffects.m in Sources */,
				CD99F52C1B9476A8009F7917 /* StoryViewController.m in Sources */,
				CD99F5701B947831009F7917 /* UIView+MJExtension.m in Sources */,
				CEAF8C571B9FF05800641EB5 /* SwiftNotice.swift in Sources */,
				CD99F5641B947831009F7917 /* MJRefreshAutoNormalFooter.m in Sources */,
				CD99F5611B947831009F7917 /* MJRefreshFooter.m in Sources */,
				CE2078041B96D99E00D6DD08 /* PulsingHaloLayer.m in Sources */,
				8E018DBE1A2A3DC100BFBC40 /* MABCardView.swift in Sources */,
				CD99F56B1B947831009F7917 /* MJRefreshStateHeader.m in Sources */,
				CD99F5631B947831009F7917 /* MJRefreshAutoGifFooter.m in Sources */,
				CDD21F281B8EF2AC00F0F6C0 /* QiniuUtiloc.m in Sources */,
				CD99F55F1B947831009F7917 /* MJRefreshBackFooter.m in Sources */,
				CD99F5681B947831009F7917 /* MJRefreshBackStateFooter.m in Sources */,
				CED3471B1BA00A1700B3489E /* AboutMeViewController.swift in Sources */,
				CE2078051B96D99E00D6DD08 /* README.md in Sources */,
				CD99F5691B947831009F7917 /* MJRefreshGifHeader.m in Sources */,
				CD99F5721B9480DD009F7917 /* MyLoveViewCell.swift in Sources */,
				CDD21F1E1B8DE8A800F0F6C0 /* PicItem.swift in Sources */,
				CD99F52B1B9476A8009F7917 /* StoryCommentCell.m in Sources */,
				CDD21F0D1B8D848600F0F6C0 /* JKPopMenuView.m in Sources */,
				8E018D9E1A2A3D9C00BFBC40 /* ViewController.swift in Sources */,
				CD99F55E1B947831009F7917 /* MJRefreshAutoFooter.m in Sources */,
				CD99F56D1B947831009F7917 /* MJRefreshConst.m in Sources */,
				CD99F5661B947831009F7917 /* MJRefreshBackGifFooter.m in Sources */,
				8E018D9C1A2A3D9C00BFBC40 /* AppDelegate.swift in Sources */,
				CD99F5621B947831009F7917 /* MJRefreshHeader.m in Sources */,
				CD99F56E1B947831009F7917 /* UIScrollView+MJExtension.m in Sources */,
				CE8313831B9C141200C43048 /* GlobalVariables.swift in Sources */,
				CD99F5651B947831009F7917 /* MJRefreshAutoStateFooter.m in Sources */,
				CDD21F251B8EF12000F0F6C0 /* QiniuUitl.swift in Sources */,
				CD99F5671B947831009F7917 /* MJRefreshBackNormalFooter.m in Sources */,
				CD99F51B1B944494009F7917 /* MyLoveViewController.swift in Sources */,
				CDD21F0C1B8D848600F0F6C0 /* JKPopMenuItem.m in Sources */,
			);
			runOnlyForDeploymentPostprocessing = 0;
		};
/* End PBXSourcesBuildPhase section */

/* Begin PBXVariantGroup section */
		8E018D9F1A2A3D9C00BFBC40 /* Main.storyboard */ = {
			isa = PBXVariantGroup;
			children = (
				8E018DA01A2A3D9C00BFBC40 /* Base */,
			);
			name = Main.storyboard;
			sourceTree = "<group>";
		};
		8E018DA41A2A3D9C00BFBC40 /* LaunchScreen.xib */ = {
			isa = PBXVariantGroup;
			children = (
				8E018DA51A2A3D9C00BFBC40 /* Base */,
			);
			name = LaunchScreen.xib;
			sourceTree = "<group>";
		};
/* End PBXVariantGroup section */

/* Begin XCBuildConfiguration section */
		8E018DB31A2A3D9C00BFBC40 /* Debug */ = {
			isa = XCBuildConfiguration;
			buildSettings = {
				ALWAYS_SEARCH_USER_PATHS = NO;
				CLANG_CXX_LANGUAGE_STANDARD = "gnu++0x";
				CLANG_CXX_LIBRARY = "libc++";
				CLANG_ENABLE_MODULES = YES;
				CLANG_ENABLE_OBJC_ARC = YES;
				CLANG_WARN_BOOL_CONVERSION = YES;
				CLANG_WARN_CONSTANT_CONVERSION = YES;
				CLANG_WARN_DIRECT_OBJC_ISA_USAGE = YES_ERROR;
				CLANG_WARN_EMPTY_BODY = YES;
				CLANG_WARN_ENUM_CONVERSION = YES;
				CLANG_WARN_INT_CONVERSION = YES;
				CLANG_WARN_OBJC_ROOT_CLASS = YES_ERROR;
				CLANG_WARN_UNREACHABLE_CODE = YES;
				CLANG_WARN__DUPLICATE_METHOD_MATCH = YES;
				"CODE_SIGN_IDENTITY[sdk=iphoneos*]" = "iPhone Developer";
				COPY_PHASE_STRIP = NO;
				ENABLE_STRICT_OBJC_MSGSEND = YES;
				GCC_C_LANGUAGE_STANDARD = gnu99;
				GCC_DYNAMIC_NO_PIC = NO;
				GCC_OPTIMIZATION_LEVEL = 0;
				GCC_PREPROCESSOR_DEFINITIONS = (
					"DEBUG=1",
					"$(inherited)",
				);
				GCC_SYMBOLS_PRIVATE_EXTERN = NO;
				GCC_WARN_64_TO_32_BIT_CONVERSION = YES;
				GCC_WARN_ABOUT_RETURN_TYPE = YES_ERROR;
				GCC_WARN_UNDECLARED_SELECTOR = YES;
				GCC_WARN_UNINITIALIZED_AUTOS = YES_AGGRESSIVE;
				GCC_WARN_UNUSED_FUNCTION = YES;
				GCC_WARN_UNUSED_VARIABLE = YES;
				IPHONEOS_DEPLOYMENT_TARGET = 8.1;
				MTL_ENABLE_DEBUG_INFO = YES;
				ONLY_ACTIVE_ARCH = YES;
				SDKROOT = iphoneos;
				SWIFT_OPTIMIZATION_LEVEL = "-Onone";
			};
			name = Debug;
		};
		8E018DB41A2A3D9C00BFBC40 /* Release */ = {
			isa = XCBuildConfiguration;
			buildSettings = {
				ALWAYS_SEARCH_USER_PATHS = NO;
				CLANG_CXX_LANGUAGE_STANDARD = "gnu++0x";
				CLANG_CXX_LIBRARY = "libc++";
				CLANG_ENABLE_MODULES = YES;
				CLANG_ENABLE_OBJC_ARC = YES;
				CLANG_WARN_BOOL_CONVERSION = YES;
				CLANG_WARN_CONSTANT_CONVERSION = YES;
				CLANG_WARN_DIRECT_OBJC_ISA_USAGE = YES_ERROR;
				CLANG_WARN_EMPTY_BODY = YES;
				CLANG_WARN_ENUM_CONVERSION = YES;
				CLANG_WARN_INT_CONVERSION = YES;
				CLANG_WARN_OBJC_ROOT_CLASS = YES_ERROR;
				CLANG_WARN_UNREACHABLE_CODE = YES;
				CLANG_WARN__DUPLICATE_METHOD_MATCH = YES;
				"CODE_SIGN_IDENTITY[sdk=iphoneos*]" = "iPhone Developer";
				COPY_PHASE_STRIP = YES;
				ENABLE_NS_ASSERTIONS = NO;
				ENABLE_STRICT_OBJC_MSGSEND = YES;
				GCC_C_LANGUAGE_STANDARD = gnu99;
				GCC_WARN_64_TO_32_BIT_CONVERSION = YES;
				GCC_WARN_ABOUT_RETURN_TYPE = YES_ERROR;
				GCC_WARN_UNDECLARED_SELECTOR = YES;
				GCC_WARN_UNINITIALIZED_AUTOS = YES_AGGRESSIVE;
				GCC_WARN_UNUSED_FUNCTION = YES;
				GCC_WARN_UNUSED_VARIABLE = YES;
				IPHONEOS_DEPLOYMENT_TARGET = 8.1;
				MTL_ENABLE_DEBUG_INFO = NO;
				SDKROOT = iphoneos;
				VALIDATE_PRODUCT = YES;
			};
			name = Release;
		};
		8E018DB61A2A3D9C00BFBC40 /* Debug */ = {
			isa = XCBuildConfiguration;
			baseConfigurationReference = 892D64461CF486EEA75806E9 /* Pods.debug.xcconfig */;
			buildSettings = {
				ASSETCATALOG_COMPILER_APPICON_NAME = AppIcon;
				CODE_SIGN_IDENTITY = "iPhone Developer: zong ming qiao (RX47KT87K3)";
				"CODE_SIGN_IDENTITY[sdk=iphoneos*]" = "iPhone Developer";
				FRAMEWORK_SEARCH_PATHS = (
					"$(inherited)",
					"$(PROJECT_DIR)/build/Release-iphoneos",
					"$(PROJECT_DIR)/build/Debug-iphoneos",
				);
				INFOPLIST_FILE = CardsDemo/Info.plist;
				LD_RUNPATH_SEARCH_PATHS = "$(inherited) @executable_path/Frameworks";
				LIBRARY_SEARCH_PATHS = (
					"$(inherited)",
					"$(PROJECT_DIR)/Pods/build/Debug-iphoneos",
				);
				PRODUCT_NAME = "妹子";
				PROVISIONING_PROFILE = "9ec3af9d-d659-48ac-bb92-1e9f8ab346ab";
				SWIFT_OBJC_BRIDGING_HEADER = CardsDemo/OCHeader.h;
			};
			name = Debug;
		};
		8E018DB71A2A3D9C00BFBC40 /* Release */ = {
			isa = XCBuildConfiguration;
			baseConfigurationReference = 42DB60393C87C68A19513B94 /* Pods.release.xcconfig */;
			buildSettings = {
				ASSETCATALOG_COMPILER_APPICON_NAME = AppIcon;
				CODE_SIGN_IDENTITY = "iPhone Developer: zong ming qiao (RX47KT87K3)";
				"CODE_SIGN_IDENTITY[sdk=iphoneos*]" = "iPhone Developer";
				FRAMEWORK_SEARCH_PATHS = (
					"$(inherited)",
					"$(PROJECT_DIR)/build/Release-iphoneos",
					"$(PROJECT_DIR)/build/Debug-iphoneos",
				);
				INFOPLIST_FILE = CardsDemo/Info.plist;
				LD_RUNPATH_SEARCH_PATHS = "$(inherited) @executable_path/Frameworks";
				LIBRARY_SEARCH_PATHS = (
					"$(inherited)",
					"$(PROJECT_DIR)/Pods/build/Debug-iphoneos",
				);
				PRODUCT_NAME = "妹子";
				PROVISIONING_PROFILE = "9ec3af9d-d659-48ac-bb92-1e9f8ab346ab";
				SWIFT_OBJC_BRIDGING_HEADER = CardsDemo/OCHeader.h;
			};
			name = Release;
		};
/* End XCBuildConfiguration section */

/* Begin XCConfigurationList section */
		8E018D911A2A3D9B00BFBC40 /* Build configuration list for PBXProject "meizi" */ = {
			isa = XCConfigurationList;
			buildConfigurations = (
				8E018DB31A2A3D9C00BFBC40 /* Debug */,
				8E018DB41A2A3D9C00BFBC40 /* Release */,
			);
			defaultConfigurationIsVisible = 0;
			defaultConfigurationName = Release;
		};
		8E018DB51A2A3D9C00BFBC40 /* Build configuration list for PBXNativeTarget "meizi" */ = {
			isa = XCConfigurationList;
			buildConfigurations = (
				8E018DB61A2A3D9C00BFBC40 /* Debug */,
				8E018DB71A2A3D9C00BFBC40 /* Release */,
			);
			defaultConfigurationIsVisible = 0;
			defaultConfigurationName = Release;
		};
/* End XCConfigurationList section */
	};
	rootObject = 8E018D8E1A2A3D9B00BFBC40 /* Project object */;
}
